// !$*UTF8*$!
{
	archiveVersion = 1;
	classes = {
	};
	objectVersion = 46;
	objects = {

/* Begin PBXBuildFile section */
		1CE7F0571F7BF1CA00D7B268 /* Details.m in Sources */ = {isa = PBXBuildFile; fileRef = 1CE7F0561F7BF1CA00D7B268 /* Details.m */; };
		C6BCDD696737EF18C5B19FFB /* libPods-MyNavigationControllerAnalytics.a in Frameworks */ = {isa = PBXBuildFile; fileRef = 745E24DF320C154A6E62E780 /* libPods-MyNavigationControllerAnalytics.a */; };
		D156EDB01F732FBA00AC7251 /* main.m in Sources */ = {isa = PBXBuildFile; fileRef = D156EDAF1F732FBA00AC7251 /* main.m */; };
		D156EDB31F732FBA00AC7251 /* AppDelegate.m in Sources */ = {isa = PBXBuildFile; fileRef = D156EDB21F732FBA00AC7251 /* AppDelegate.m */; };
		D156EDB61F732FBA00AC7251 /* List.m in Sources */ = {isa = PBXBuildFile; fileRef = D156EDB51F732FBA00AC7251 /* List.m */; };
		D156EDB91F732FBA00AC7251 /* Main.storyboard in Resources */ = {isa = PBXBuildFile; fileRef = D156EDB71F732FBA00AC7251 /* Main.storyboard */; };
		D156EDBC1F732FBA00AC7251 /* Mi_Primera_Tabla.xcdatamodeld in Sources */ = {isa = PBXBuildFile; fileRef = D156EDBA1F732FBA00AC7251 /* Mi_Primera_Tabla.xcdatamodeld */; };
		D156EDBE1F732FBA00AC7251 /* Assets.xcassets in Resources */ = {isa = PBXBuildFile; fileRef = D156EDBD1F732FBA00AC7251 /* Assets.xcassets */; };
		D156EDC11F732FBA00AC7251 /* LaunchScreen.storyboard in Resources */ = {isa = PBXBuildFile; fileRef = D156EDBF1F732FBA00AC7251 /* LaunchScreen.storyboard */; };
		D19AFA011F7336C000D53E56 /* cellMainTable.m in Sources */ = {isa = PBXBuildFile; fileRef = D19AF9FF1F7336C000D53E56 /* cellMainTable.m */; };
		D19AFA021F7336C000D53E56 /* cellMainTable.xib in Resources */ = {isa = PBXBuildFile; fileRef = D19AFA001F7336C000D53E56 /* cellMainTable.xib */; };
		ED173A1E1FA6B1BD00191B37 /* green.jpg in Resources */ = {isa = PBXBuildFile; fileRef = ED173A201FA6B1BD00191B37 /* green.jpg */; };
		ED173A221FA6B51A00191B37 /* gray.jpg in Resources */ = {isa = PBXBuildFile; fileRef = ED173A211FA6B50B00191B37 /* gray.jpg */; };
		ED4B0AF11FA8282200D35666 /* GoogleService-Info.plist in Resources */ = {isa = PBXBuildFile; fileRef = ED4B0AF01FA8282100D35666 /* GoogleService-Info.plist */; };
		ED54AD6D1FA83A9600926910 /* Back.m in Sources */ = {isa = PBXBuildFile; fileRef = ED54AD6C1FA83A9600926910 /* Back.m */; };
		ED6511AD1FA57A1700DA8668 /* Login.m in Sources */ = {isa = PBXBuildFile; fileRef = ED6511AB1FA57A1700DA8668 /* Login.m */; };
		ED6511AE1FA57A1700DA8668 /* Login.xib in Resources */ = {isa = PBXBuildFile; fileRef = ED6511AC1FA57A1700DA8668 /* Login.xib */; };
		ED6511B01FA57A3D00DA8668 /* Podfile in Resources */ = {isa = PBXBuildFile; fileRef = ED6511AF1FA57A3D00DA8668 /* Podfile */; };
		ED8088C81FA6B688008EF780 /* black.jpg in Resources */ = {isa = PBXBuildFile; fileRef = ED8088C51FA6B67E008EF780 /* black.jpg */; };
		ED8088C91FA6B68C008EF780 /* blue.jpg in Resources */ = {isa = PBXBuildFile; fileRef = ED8088C61FA6B67E008EF780 /* blue.jpg */; };
		ED8088CA1FA6B68F008EF780 /* brown.jpg in Resources */ = {isa = PBXBuildFile; fileRef = ED8088C71FA6B67E008EF780 /* brown.jpg */; };
/* End PBXBuildFile section */

/* Begin PBXFileReference section */
		043FD02CC473D7E0DB717BEC /* Pods-MyNavigationControllerAnalytics.release.xcconfig */ = {isa = PBXFileReference; includeInIndex = 1; lastKnownFileType = text.xcconfig; name = "Pods-MyNavigationControllerAnalytics.release.xcconfig"; path = "Pods/Target Support Files/Pods-MyNavigationControllerAnalytics/Pods-MyNavigationControllerAnalytics.release.xcconfig"; sourceTree = "<group>"; };
		1CE7F0551F7BF1CA00D7B268 /* Details.h */ = {isa = PBXFileReference; lastKnownFileType = sourcecode.c.h; path = Details.h; sourceTree = "<group>"; };
		1CE7F0561F7BF1CA00D7B268 /* Details.m */ = {isa = PBXFileReference; lastKnownFileType = sourcecode.c.objc; path = Details.m; sourceTree = "<group>"; };
		745E24DF320C154A6E62E780 /* libPods-MyNavigationControllerAnalytics.a */ = {isa = PBXFileReference; explicitFileType = archive.ar; includeInIndex = 0; path = "libPods-MyNavigationControllerAnalytics.a"; sourceTree = BUILT_PRODUCTS_DIR; };
		D156EDAB1F732FBA00AC7251 /* MyNavigationControllerAnalytics.app */ = {isa = PBXFileReference; explicitFileType = wrapper.application; includeInIndex = 0; path = MyNavigationControllerAnalytics.app; sourceTree = BUILT_PRODUCTS_DIR; };
		D156EDAF1F732FBA00AC7251 /* main.m */ = {isa = PBXFileReference; lastKnownFileType = sourcecode.c.objc; path = main.m; sourceTree = "<group>"; };
		D156EDB11F732FBA00AC7251 /* AppDelegate.h */ = {isa = PBXFileReference; lastKnownFileType = sourcecode.c.h; path = AppDelegate.h; sourceTree = "<group>"; };
		D156EDB21F732FBA00AC7251 /* AppDelegate.m */ = {isa = PBXFileReference; lastKnownFileType = sourcecode.c.objc; path = AppDelegate.m; sourceTree = "<group>"; };
		D156EDB41F732FBA00AC7251 /* List.h */ = {isa = PBXFileReference; lastKnownFileType = sourcecode.c.h; path = List.h; sourceTree = "<group>"; };
		D156EDB51F732FBA00AC7251 /* List.m */ = {isa = PBXFileReference; lastKnownFileType = sourcecode.c.objc; path = List.m; sourceTree = "<group>"; };
		D156EDB81F732FBA00AC7251 /* Base */ = {isa = PBXFileReference; lastKnownFileType = file.storyboard; name = Base; path = Base.lproj/Main.storyboard; sourceTree = "<group>"; };
		D156EDBB1F732FBA00AC7251 /* Mi_Primera_Tabla.xcdatamodel */ = {isa = PBXFileReference; lastKnownFileType = wrapper.xcdatamodel; path = Mi_Primera_Tabla.xcdatamodel; sourceTree = "<group>"; };
		D156EDBD1F732FBA00AC7251 /* Assets.xcassets */ = {isa = PBXFileReference; lastKnownFileType = folder.assetcatalog; path = Assets.xcassets; sourceTree = "<group>"; };
		D156EDC01F732FBA00AC7251 /* Base */ = {isa = PBXFileReference; lastKnownFileType = file.storyboard; name = Base; path = Base.lproj/LaunchScreen.storyboard; sourceTree = "<group>"; };
		D156EDC21F732FBA00AC7251 /* Info.plist */ = {isa = PBXFileReference; lastKnownFileType = text.plist.xml; path = Info.plist; sourceTree = "<group>"; };
		D19AF9FE1F7336C000D53E56 /* cellMainTable.h */ = {isa = PBXFileReference; fileEncoding = 4; lastKnownFileType = sourcecode.c.h; path = cellMainTable.h; sourceTree = "<group>"; };
		D19AF9FF1F7336C000D53E56 /* cellMainTable.m */ = {isa = PBXFileReference; fileEncoding = 4; lastKnownFileType = sourcecode.c.objc; path = cellMainTable.m; sourceTree = "<group>"; };
		D19AFA001F7336C000D53E56 /* cellMainTable.xib */ = {isa = PBXFileReference; fileEncoding = 4; lastKnownFileType = file.xib; path = cellMainTable.xib; sourceTree = "<group>"; };
		DAC086131B33A0114D37EB51 /* Pods-MyNavigationControllerAnalytics.debug.xcconfig */ = {isa = PBXFileReference; includeInIndex = 1; lastKnownFileType = text.xcconfig; name = "Pods-MyNavigationControllerAnalytics.debug.xcconfig"; path = "Pods/Target Support Files/Pods-MyNavigationControllerAnalytics/Pods-MyNavigationControllerAnalytics.debug.xcconfig"; sourceTree = "<group>"; };
		ED173A1F1FA6B1BD00191B37 /* Base */ = {isa = PBXFileReference; lastKnownFileType = image.jpeg; name = Base; path = Base.lproj/green.jpg; sourceTree = "<group>"; };
		ED173A211FA6B50B00191B37 /* gray.jpg */ = {isa = PBXFileReference; lastKnownFileType = image.jpeg; path = gray.jpg; sourceTree = "<group>"; };
		ED4B0AF01FA8282100D35666 /* GoogleService-Info.plist */ = {isa = PBXFileReference; fileEncoding = 4; lastKnownFileType = text.plist.xml; path = "GoogleService-Info.plist"; sourceTree = "<group>"; };
		ED54AD6B1FA83A9600926910 /* Back.h */ = {isa = PBXFileReference; lastKnownFileType = sourcecode.c.h; path = Back.h; sourceTree = "<group>"; };
		ED54AD6C1FA83A9600926910 /* Back.m */ = {isa = PBXFileReference; lastKnownFileType = sourcecode.c.objc; path = Back.m; sourceTree = "<group>"; };
		ED6511AA1FA57A1700DA8668 /* Login.h */ = {isa = PBXFileReference; lastKnownFileType = sourcecode.c.h; path = Login.h; sourceTree = "<group>"; };
		ED6511AB1FA57A1700DA8668 /* Login.m */ = {isa = PBXFileReference; lastKnownFileType = sourcecode.c.objc; path = Login.m; sourceTree = "<group>"; };
		ED6511AC1FA57A1700DA8668 /* Login.xib */ = {isa = PBXFileReference; lastKnownFileType = file.xib; path = Login.xib; sourceTree = "<group>"; };
		ED6511AF1FA57A3D00DA8668 /* Podfile */ = {isa = PBXFileReference; lastKnownFileType = text; path = Podfile; sourceTree = "<group>"; xcLanguageSpecificationIdentifier = xcode.lang.ruby; };
		ED8088C51FA6B67E008EF780 /* black.jpg */ = {isa = PBXFileReference; lastKnownFileType = image.jpeg; path = black.jpg; sourceTree = "<group>"; };
		ED8088C61FA6B67E008EF780 /* blue.jpg */ = {isa = PBXFileReference; lastKnownFileType = image.jpeg; path = blue.jpg; sourceTree = "<group>"; };
		ED8088C71FA6B67E008EF780 /* brown.jpg */ = {isa = PBXFileReference; lastKnownFileType = image.jpeg; path = brown.jpg; sourceTree = "<group>"; };
/* End PBXFileReference section */

/* Begin PBXFrameworksBuildPhase section */
		D156EDA81F732FBA00AC7251 /* Frameworks */ = {
			isa = PBXFrameworksBuildPhase;
			buildActionMask = 2147483647;
			files = (
				C6BCDD696737EF18C5B19FFB /* libPods-MyNavigationControllerAnalytics.a in Frameworks */,
			);
			runOnlyForDeploymentPostprocessing = 0;
		};
/* End PBXFrameworksBuildPhase section */

/* Begin PBXGroup section */
		13AE1B46A7BAE5110F51FB0A /* Pods */ = {
			isa = PBXGroup;
			children = (
				DAC086131B33A0114D37EB51 /* Pods-MyNavigationControllerAnalytics.debug.xcconfig */,
				043FD02CC473D7E0DB717BEC /* Pods-MyNavigationControllerAnalytics.release.xcconfig */,
			);
			name = Pods;
			sourceTree = "<group>";
		};
		CF4B9ADCDFB1EC54590DADAA /* Frameworks */ = {
			isa = PBXGroup;
			children = (
				745E24DF320C154A6E62E780 /* libPods-MyNavigationControllerAnalytics.a */,
			);
			name = Frameworks;
			sourceTree = "<group>";
		};
		D156EDA21F732FBA00AC7251 = {
			isa = PBXGroup;
			children = (
				ED6511AF1FA57A3D00DA8668 /* Podfile */,
				D156EDAD1F732FBA00AC7251 /* Mi Primera Tabla */,
				D156EDAC1F732FBA00AC7251 /* Products */,
				13AE1B46A7BAE5110F51FB0A /* Pods */,
				CF4B9ADCDFB1EC54590DADAA /* Frameworks */,
			);
			sourceTree = "<group>";
		};
		D156EDAC1F732FBA00AC7251 /* Products */ = {
			isa = PBXGroup;
			children = (
				D156EDAB1F732FBA00AC7251 /* MyNavigationControllerAnalytics.app */,
			);
			name = Products;
			sourceTree = "<group>";
		};
		D156EDAD1F732FBA00AC7251 /* Mi Primera Tabla */ = {
			isa = PBXGroup;
			children = (
				ED4B0AF01FA8282100D35666 /* GoogleService-Info.plist */,
				D19AFA191F734CFF00D53E56 /* imgs */,
				D156EDC81F732FCA00AC7251 /* Main */,
				D156EDC91F732FD500AC7251 /* Controllers */,
				D19AF9FD1F73360A00D53E56 /* Cells */,
				D156EDB71F732FBA00AC7251 /* Main.storyboard */,
				D156EDBD1F732FBA00AC7251 /* Assets.xcassets */,
				D156EDBF1F732FBA00AC7251 /* LaunchScreen.storyboard */,
				D156EDC21F732FBA00AC7251 /* Info.plist */,
				D156EDBA1F732FBA00AC7251 /* Mi_Primera_Tabla.xcdatamodeld */,
				D156EDAE1F732FBA00AC7251 /* Supporting Files */,
			);
			path = "Mi Primera Tabla";
			sourceTree = "<group>";
		};
		D156EDAE1F732FBA00AC7251 /* Supporting Files */ = {
			isa = PBXGroup;
			children = (
				D156EDAF1F732FBA00AC7251 /* main.m */,
			);
			name = "Supporting Files";
			sourceTree = "<group>";
		};
		D156EDC81F732FCA00AC7251 /* Main */ = {
			isa = PBXGroup;
			children = (
				D156EDB11F732FBA00AC7251 /* AppDelegate.h */,
				D156EDB21F732FBA00AC7251 /* AppDelegate.m */,
			);
			name = Main;
			sourceTree = "<group>";
		};
		D156EDC91F732FD500AC7251 /* Controllers */ = {
			isa = PBXGroup;
			children = (
				D156EDB41F732FBA00AC7251 /* List.h */,
				D156EDB51F732FBA00AC7251 /* List.m */,
				ED6511AA1FA57A1700DA8668 /* Login.h */,
				ED6511AB1FA57A1700DA8668 /* Login.m */,
				ED6511AC1FA57A1700DA8668 /* Login.xib */,
				1CE7F0551F7BF1CA00D7B268 /* Details.h */,
				1CE7F0561F7BF1CA00D7B268 /* Details.m */,
				ED54AD6B1FA83A9600926910 /* Back.h */,
				ED54AD6C1FA83A9600926910 /* Back.m */,
			);
			name = Controllers;
			sourceTree = "<group>";
		};
		D19AF9FD1F73360A00D53E56 /* Cells */ = {
			isa = PBXGroup;
			children = (
				D19AF9FE1F7336C000D53E56 /* cellMainTable.h */,
				D19AF9FF1F7336C000D53E56 /* cellMainTable.m */,
				D19AFA001F7336C000D53E56 /* cellMainTable.xib */,
			);
			name = Cells;
			sourceTree = "<group>";
		};
		D19AFA191F734CFF00D53E56 /* imgs */ = {
			isa = PBXGroup;
			children = (
				ED173A211FA6B50B00191B37 /* gray.jpg */,
				ED173A201FA6B1BD00191B37 /* green.jpg */,
				ED8088C51FA6B67E008EF780 /* black.jpg */,
				ED8088C61FA6B67E008EF780 /* blue.jpg */,
				ED8088C71FA6B67E008EF780 /* brown.jpg */,
			);
			path = imgs;
			sourceTree = "<group>";
		};
/* End PBXGroup section */

/* Begin PBXNativeTarget section */
		D156EDAA1F732FBA00AC7251 /* MyNavigationControllerAnalytics */ = {
			isa = PBXNativeTarget;
			buildConfigurationList = D156EDC51F732FBA00AC7251 /* Build configuration list for PBXNativeTarget "MyNavigationControllerAnalytics" */;
			buildPhases = (
				7BD2262A3F080AD270423217 /* [CP] Check Pods Manifest.lock */,
				D156EDA71F732FBA00AC7251 /* Sources */,
				D156EDA81F732FBA00AC7251 /* Frameworks */,
				D156EDA91F732FBA00AC7251 /* Resources */,
				B5AE5D4B53A4C7C5E08A6910 /* [CP] Embed Pods Frameworks */,
				DBE12B59EB30A1D9BA6A5229 /* [CP] Copy Pods Resources */,
			);
			buildRules = (
			);
			dependencies = (
			);
			name = MyNavigationControllerAnalytics;
			productName = "Mi Primera Tabla";
			productReference = D156EDAB1F732FBA00AC7251 /* MyNavigationControllerAnalytics.app */;
			productType = "com.apple.product-type.application";
		};
/* End PBXNativeTarget section */

/* Begin PBXProject section */
		D156EDA31F732FBA00AC7251 /* Project object */ = {
			isa = PBXProject;
			attributes = {
				LastUpgradeCheck = 0830;
				ORGANIZATIONNAME = wgdomenzain;
				TargetAttributes = {
					D156EDAA1F732FBA00AC7251 = {
						CreatedOnToolsVersion = 8.3.3;
						ProvisioningStyle = Automatic;
					};
				};
			};
			buildConfigurationList = D156EDA61F732FBA00AC7251 /* Build configuration list for PBXProject "MyNavigationControllerAnalytics" */;
			compatibilityVersion = "Xcode 3.2";
			developmentRegion = English;
			hasScannedForEncodings = 0;
			knownRegions = (
				en,
				Base,
			);
			mainGroup = D156EDA21F732FBA00AC7251;
			productRefGroup = D156EDAC1F732FBA00AC7251 /* Products */;
			projectDirPath = "";
			projectRoot = "";
			targets = (
				D156EDAA1F732FBA00AC7251 /* MyNavigationControllerAnalytics */,
			);
		};
/* End PBXProject section */

/* Begin PBXResourcesBuildPhase section */
		D156EDA91F732FBA00AC7251 /* Resources */ = {
			isa = PBXResourcesBuildPhase;
			buildActionMask = 2147483647;
			files = (
				ED8088CA1FA6B68F008EF780 /* brown.jpg in Resources */,
				D156EDC11F732FBA00AC7251 /* LaunchScreen.storyboard in Resources */,
				ED8088C91FA6B68C008EF780 /* blue.jpg in Resources */,
				ED173A1E1FA6B1BD00191B37 /* green.jpg in Resources */,
				D156EDBE1F732FBA00AC7251 /* Assets.xcassets in Resources */,
				ED4B0AF11FA8282200D35666 /* GoogleService-Info.plist in Resources */,
				D156EDB91F732FBA00AC7251 /* Main.storyboard in Resources */,
				D19AFA021F7336C000D53E56 /* cellMainTable.xib in Resources */,
				ED6511AE1FA57A1700DA8668 /* Login.xib in Resources */,
				ED8088C81FA6B688008EF780 /* black.jpg in Resources */,
				ED6511B01FA57A3D00DA8668 /* Podfile in Resources */,
				ED173A221FA6B51A00191B37 /* gray.jpg in Resources */,
			);
			runOnlyForDeploymentPostprocessing = 0;
		};
/* End PBXResourcesBuildPhase section */

/* Begin PBXShellScriptBuildPhase section */
		7BD2262A3F080AD270423217 /* [CP] Check Pods Manifest.lock */ = {
			isa = PBXShellScriptBuildPhase;
			buildActionMask = 2147483647;
			files = (
			);
			inputPaths = (
				"${PODS_PODFILE_DIR_PATH}/Podfile.lock",
				"${PODS_ROOT}/Manifest.lock",
			);
			name = "[CP] Check Pods Manifest.lock";
			outputPaths = (
				"$(DERIVED_FILE_DIR)/Pods-MyNavigationControllerAnalytics-checkManifestLockResult.txt",
			);
			runOnlyForDeploymentPostprocessing = 0;
			shellPath = /bin/sh;
			shellScript = "diff \"${PODS_PODFILE_DIR_PATH}/Podfile.lock\" \"${PODS_ROOT}/Manifest.lock\" > /dev/null\nif [ $? != 0 ] ; then\n    # print error to STDERR\n    echo \"error: The sandbox is not in sync with the Podfile.lock. Run 'pod install' or update your CocoaPods installation.\" >&2\n    exit 1\nfi\n# This output is used by Xcode 'outputs' to avoid re-running this script phase.\necho \"SUCCESS\" > \"${SCRIPT_OUTPUT_FILE_0}\"\n";
			showEnvVarsInLog = 0;
		};
		B5AE5D4B53A4C7C5E08A6910 /* [CP] Embed Pods Frameworks */ = {
			isa = PBXShellScriptBuildPhase;
			buildActionMask = 2147483647;
			files = (
			);
			inputPaths = (
			);
			name = "[CP] Embed Pods Frameworks";
			outputPaths = (
			);
			runOnlyForDeploymentPostprocessing = 0;
			shellPath = /bin/sh;
			shellScript = "\"${SRCROOT}/Pods/Target Support Files/Pods-MyNavigationControllerAnalytics/Pods-MyNavigationControllerAnalytics-frameworks.sh\"\n";
			showEnvVarsInLog = 0;
		};
		DBE12B59EB30A1D9BA6A5229 /* [CP] Copy Pods Resources */ = {
			isa = PBXShellScriptBuildPhase;
			buildActionMask = 2147483647;
			files = (
			);
			inputPaths = (
				"${SRCROOT}/Pods/Target Support Files/Pods-MyNavigationControllerAnalytics/Pods-MyNavigationControllerAnalytics-resources.sh",
				"${PODS_ROOT}/GTMOAuth2/Source/Touch/GTMOAuth2ViewTouch.xib",
				"${PODS_ROOT}/GoogleSignIn/Resources/GoogleSignIn.bundle",
			);
			name = "[CP] Copy Pods Resources";
			outputPaths = (
				"${TARGET_BUILD_DIR}/${UNLOCALIZED_RESOURCES_FOLDER_PATH}",
			);
			runOnlyForDeploymentPostprocessing = 0;
			shellPath = /bin/sh;
			shellScript = "\"${SRCROOT}/Pods/Target Support Files/Pods-MyNavigationControllerAnalytics/Pods-MyNavigationControllerAnalytics-resources.sh\"\n";
			showEnvVarsInLog = 0;
		};
/* End PBXShellScriptBuildPhase section */

/* Begin PBXSourcesBuildPhase section */
		D156EDA71F732FBA00AC7251 /* Sources */ = {
			isa = PBXSourcesBuildPhase;
			buildActionMask = 2147483647;
			files = (
				D156EDB61F732FBA00AC7251 /* List.m in Sources */,
				D156EDBC1F732FBA00AC7251 /* Mi_Primera_Tabla.xcdatamodeld in Sources */,
				ED54AD6D1FA83A9600926910 /* Back.m in Sources */,
				D156EDB31F732FBA00AC7251 /* AppDelegate.m in Sources */,
				ED6511AD1FA57A1700DA8668 /* Login.m in Sources */,
				D19AFA011F7336C000D53E56 /* cellMainTable.m in Sources */,
				D156EDB01F732FBA00AC7251 /* main.m in Sources */,
				1CE7F0571F7BF1CA00D7B268 /* Details.m in Sources */,
			);
			runOnlyForDeploymentPostprocessing = 0;
		};
/* End PBXSourcesBuildPhase section */

/* Begin PBXVariantGroup section */
		D156EDB71F732FBA00AC7251 /* Main.storyboard */ = {
			isa = PBXVariantGroup;
			children = (
				D156EDB81F732FBA00AC7251 /* Base */,
			);
			name = Main.storyboard;
			sourceTree = "<group>";
		};
		D156EDBF1F732FBA00AC7251 /* LaunchScreen.storyboard */ = {
			isa = PBXVariantGroup;
			children = (
				D156EDC01F732FBA00AC7251 /* Base */,
			);
			name = LaunchScreen.storyboard;
			sourceTree = "<group>";
		};
		ED173A201FA6B1BD00191B37 /* green.jpg */ = {
			isa = PBXVariantGroup;
			children = (
				ED173A1F1FA6B1BD00191B37 /* Base */,
			);
			name = green.jpg;
			sourceTree = "<group>";
		};
/* End PBXVariantGroup section */

/* Begin XCBuildConfiguration section */
		D156EDC31F732FBA00AC7251 /* Debug */ = {
			isa = XCBuildConfiguration;
			buildSettings = {
				ALWAYS_SEARCH_USER_PATHS = NO;
				CLANG_ANALYZER_NONNULL = YES;
				CLANG_ANALYZER_NUMBER_OBJECT_CONVERSION = YES_AGGRESSIVE;
				CLANG_CXX_LANGUAGE_STANDARD = "gnu++0x";
				CLANG_CXX_LIBRARY = "libc++";
				CLANG_ENABLE_MODULES = YES;
				CLANG_ENABLE_OBJC_ARC = YES;
				CLANG_WARN_BOOL_CONVERSION = YES;
				CLANG_WARN_CONSTANT_CONVERSION = YES;
				CLANG_WARN_DIRECT_OBJC_ISA_USAGE = YES_ERROR;
				CLANG_WARN_DOCUMENTATION_COMMENTS = YES;
				CLANG_WARN_EMPTY_BODY = YES;
				CLANG_WARN_ENUM_CONVERSION = YES;
				CLANG_WARN_INFINITE_RECURSION = YES;
				CLANG_WARN_INT_CONVERSION = YES;
				CLANG_WARN_OBJC_ROOT_CLASS = YES_ERROR;
				CLANG_WARN_SUSPICIOUS_MOVE = YES;
				CLANG_WARN_UNREACHABLE_CODE = YES;
				CLANG_WARN__DUPLICATE_METHOD_MATCH = YES;
				"CODE_SIGN_IDENTITY[sdk=iphoneos*]" = "iPhone Developer";
				COPY_PHASE_STRIP = NO;
				DEBUG_INFORMATION_FORMAT = dwarf;
				ENABLE_STRICT_OBJC_MSGSEND = YES;
				ENABLE_TESTABILITY = YES;
				GCC_C_LANGUAGE_STANDARD = gnu99;
				GCC_DYNAMIC_NO_PIC = NO;
				GCC_NO_COMMON_BLOCKS = YES;
				GCC_OPTIMIZATION_LEVEL = 0;
				GCC_PREPROCESSOR_DEFINITIONS = (
					"DEBUG=1",
					"$(inherited)",
				);
				GCC_WARN_64_TO_32_BIT_CONVERSION = YES;
				GCC_WARN_ABOUT_RETURN_TYPE = YES_ERROR;
				GCC_WARN_UNDECLARED_SELECTOR = YES;
				GCC_WARN_UNINITIALIZED_AUTOS = YES_AGGRESSIVE;
				GCC_WARN_UNUSED_FUNCTION = YES;
				GCC_WARN_UNUSED_VARIABLE = YES;
				IPHONEOS_DEPLOYMENT_TARGET = 10.3;
				MTL_ENABLE_DEBUG_INFO = YES;
				ONLY_ACTIVE_ARCH = YES;
				SDKROOT = iphoneos;
			};
			name = Debug;
		};
		D156EDC41F732FBA00AC7251 /* Release */ = {
			isa = XCBuildConfiguration;
			buildSettings = {
				ALWAYS_SEARCH_USER_PATHS = NO;
				CLANG_ANALYZER_NONNULL = YES;
				CLANG_ANALYZER_NUMBER_OBJECT_CONVERSION = YES_AGGRESSIVE;
				CLANG_CXX_LANGUAGE_STANDARD = "gnu++0x";
				CLANG_CXX_LIBRARY = "libc++";
				CLANG_ENABLE_MODULES = YES;
				CLANG_ENABLE_OBJC_ARC = YES;
				CLANG_WARN_BOOL_CONVERSION = YES;
				CLANG_WARN_CONSTANT_CONVERSION = YES;
				CLANG_WARN_DIRECT_OBJC_ISA_USAGE = YES_ERROR;
				CLANG_WARN_DOCUMENTATION_COMMENTS = YES;
				CLANG_WARN_EMPTY_BODY = YES;
				CLANG_WARN_ENUM_CONVERSION = YES;
				CLANG_WARN_INFINITE_RECURSION = YES;
				CLANG_WARN_INT_CONVERSION = YES;
				CLANG_WARN_OBJC_ROOT_CLASS = YES_ERROR;
				CLANG_WARN_SUSPICIOUS_MOVE = YES;
				CLANG_WARN_UNREACHABLE_CODE = YES;
				CLANG_WARN__DUPLICATE_METHOD_MATCH = YES;
				"CODE_SIGN_IDENTITY[sdk=iphoneos*]" = "iPhone Developer";
				COPY_PHASE_STRIP = NO;
				DEBUG_INFORMATION_FORMAT = "dwarf-with-dsym";
				ENABLE_NS_ASSERTIONS = NO;
				ENABLE_STRICT_OBJC_MSGSEND = YES;
				GCC_C_LANGUAGE_STANDARD = gnu99;
				GCC_NO_COMMON_BLOCKS = YES;
				GCC_WARN_64_TO_32_BIT_CONVERSION = YES;
				GCC_WARN_ABOUT_RETURN_TYPE = YES_ERROR;
				GCC_WARN_UNDECLARED_SELECTOR = YES;
				GCC_WARN_UNINITIALIZED_AUTOS = YES_AGGRESSIVE;
				GCC_WARN_UNUSED_FUNCTION = YES;
				GCC_WARN_UNUSED_VARIABLE = YES;
				IPHONEOS_DEPLOYMENT_TARGET = 10.3;
				MTL_ENABLE_DEBUG_INFO = NO;
				SDKROOT = iphoneos;
				VALIDATE_PRODUCT = YES;
			};
			name = Release;
		};
		D156EDC61F732FBA00AC7251 /* Debug */ = {
			isa = XCBuildConfiguration;
			baseConfigurationReference = DAC086131B33A0114D37EB51 /* Pods-MyNavigationControllerAnalytics.debug.xcconfig */;
			buildSettings = {
				ASSETCATALOG_COMPILER_APPICON_NAME = AppIcon;
				INFOPLIST_FILE = "Mi Primera Tabla/Info.plist";
				IPHONEOS_DEPLOYMENT_TARGET = 11.0;
				LD_RUNPATH_SEARCH_PATHS = "$(inherited) @executable_path/Frameworks";
				PRODUCT_BUNDLE_IDENTIFIER = com.sergiomartnzr.mynavigationcontrolleranalytics;
				PRODUCT_NAME = "$(TARGET_NAME)";
			};
			name = Debug;
		};
		D156EDC71F732FBA00AC7251 /* Release */ = {
			isa = XCBuildConfiguration;
			baseConfigurationReference = 043FD02CC473D7E0DB717BEC /* Pods-MyNavigationControllerAnalytics.release.xcconfig */;
			buildSettings = {
				ASSETCATALOG_COMPILER_APPICON_NAME = AppIcon;
				INFOPLIST_FILE = "Mi Primera Tabla/Info.plist";
				IPHONEOS_DEPLOYMENT_TARGET = 11.0;
				LD_RUNPATH_SEARCH_PATHS = "$(inherited) @executable_path/Frameworks";
				PRODUCT_BUNDLE_IDENTIFIER = com.sergiomartnzr.mynavigationcontrolleranalytics;
				PRODUCT_NAME = "$(TARGET_NAME)";
			};
			name = Release;
		};
/* End XCBuildConfiguration section */

/* Begin XCConfigurationList section */
		D156EDA61F732FBA00AC7251 /* Build configuration list for PBXProject "MyNavigationControllerAnalytics" */ = {
			isa = XCConfigurationList;
			buildConfigurations = (
				D156EDC31F732FBA00AC7251 /* Debug */,
				D156EDC41F732FBA00AC7251 /* Release */,
			);
			defaultConfigurationIsVisible = 0;
			defaultConfigurationName = Release;
		};
		D156EDC51F732FBA00AC7251 /* Build configuration list for PBXNativeTarget "MyNavigationControllerAnalytics" */ = {
			isa = XCConfigurationList;
			buildConfigurations = (
				D156EDC61F732FBA00AC7251 /* Debug */,
				D156EDC71F732FBA00AC7251 /* Release */,
			);
			defaultConfigurationIsVisible = 0;
			defaultConfigurationName = Release;
		};
/* End XCConfigurationList section */

/* Begin XCVersionGroup section */
		D156EDBA1F732FBA00AC7251 /* Mi_Primera_Tabla.xcdatamodeld */ = {
			isa = XCVersionGroup;
			children = (
				D156EDBB1F732FBA00AC7251 /* Mi_Primera_Tabla.xcdatamodel */,
			);
			currentVersion = D156EDBB1F732FBA00AC7251 /* Mi_Primera_Tabla.xcdatamodel */;
			path = Mi_Primera_Tabla.xcdatamodeld;
			sourceTree = "<group>";
			versionGroupType = wrapper.xcdatamodel;
		};
/* End XCVersionGroup section */
	};
	rootObject = D156EDA31F732FBA00AC7251 /* Project object */;
}
